
Microsoft Visual Studio Solution File, Format Version 12.00
# Visual Studio 2013
VisualStudioVersion = 12.0.30324.0
MinimumVisualStudioVersion = 10.0.40219.1
Project("{FAE04EC0-301F-11D3-BF4B-00C04F79EFBC}") = "HelloWorld", "HelloWorld\HelloWorld.csproj", "{63D10EBD-E0BF-47C6-8BEF-C31084EBCFF0}"
EndProject
Project("{2150E333-8FDC-42A3-9474-1A3956D46DE8}") = ".nuget", ".nuget", "{A145C2A0-7885-4C8B-9100-D1CD636205B3}"
	ProjectSection(SolutionItems) = preProject
		.nuget\NuGet.Config = .nuget\NuGet.Config
		.nuget\NuGet.exe = .nuget\NuGet.exe
		.nuget\NuGet.targets = .nuget\NuGet.targets
	EndProjectSection
EndProject
Project("{FAE04EC0-301F-11D3-BF4B-00C04F79EFBC}") = "MySimpleHost", "MySimpleHost\MySimpleHost.csproj", "{11CECF76-A12E-4E91-8D7A-23827067DA53}"
EndProject
Project("{FAE04EC0-301F-11D3-BF4B-00C04F79EFBC}") = "MyIISHost", "MyIISHost\MyIISHost.csproj", "{C717A447-307F-435A-9CA8-0DE54D1524F7}"
EndProject
Project("{FAE04EC0-301F-11D3-BF4B-00C04F79EFBC}") = "HelloWorldV2", "HelloWorldV2\HelloWorldV2.csproj", "{6A9E1B86-F6F6-4E3F-B4EE-676E64BFFE0A}"
EndProject
Project("{FAE04EC0-301F-11D3-BF4B-00C04F79EFBC}") = "MyAnotherHost", "MyAnotherHost\MyAnotherHost.csproj", "{15E718C7-2424-4155-880B-D563CA55EF9A}"
EndProject
Project("{FAE04EC0-301F-11D3-BF4B-00C04F79EFBC}") = "MyWebApi", "MyWebApi\MyWebApi.csproj", "{E2F21ADC-5A24-4FB5-9366-D1E673175801}"
EndProject
Project("{FAE04EC0-301F-11D3-BF4B-00C04F79EFBC}") = "NancyAndWebApi", "NancyAndWebApi\NancyAndWebApi.csproj", "{08F5BC73-E000-4DA9-92BF-3C7EEC5B4277}"
EndProject
Project("{FAE04EC0-301F-11D3-BF4B-00C04F79EFBC}") = "SecuredWebApi", "SecuredWebApi\SecuredWebApi.csproj", "{41510873-CD9D-4729-99F5-01D3D07A4AA0}"
EndProject
Project("{FAE04EC0-301F-11D3-BF4B-00C04F79EFBC}") = "SecuredWebApiClient", "SecuredWebApiClient\SecuredWebApiClient.csproj", "{C162E46C-4B28-4F3D-9FE7-87B7858B109F}"
EndProject
Project("{FAE04EC0-301F-11D3-BF4B-00C04F79EFBC}") = "MyWebApiIISHost", "MyWebApiIISHost\MyWebApiIISHost.csproj", "{4ECDF6D6-624B-4DA9-9E2F-5A55B8787E2A}"
EndProject
Global
	GlobalSection(SolutionConfigurationPlatforms) = preSolution
		Debug|Any CPU = Debug|Any CPU
		Release|Any CPU = Release|Any CPU
	EndGlobalSection
	GlobalSection(ProjectConfigurationPlatforms) = postSolution
		{63D10EBD-E0BF-47C6-8BEF-C31084EBCFF0}.Debug|Any CPU.ActiveCfg = Debug|Any CPU
		{63D10EBD-E0BF-47C6-8BEF-C31084EBCFF0}.Debug|Any CPU.Build.0 = Debug|Any CPU
		{63D10EBD-E0BF-47C6-8BEF-C31084EBCFF0}.Release|Any CPU.ActiveCfg = Release|Any CPU
		{63D10EBD-E0BF-47C6-8BEF-C31084EBCFF0}.Release|Any CPU.Build.0 = Release|Any CPU
		{11CECF76-A12E-4E91-8D7A-23827067DA53}.Debug|Any CPU.ActiveCfg = Debug|Any CPU
		{11CECF76-A12E-4E91-8D7A-23827067DA53}.Debug|Any CPU.Build.0 = Debug|Any CPU
		{11CECF76-A12E-4E91-8D7A-23827067DA53}.Release|Any CPU.ActiveCfg = Release|Any CPU
		{11CECF76-A12E-4E91-8D7A-23827067DA53}.Release|Any CPU.Build.0 = Release|Any CPU
		{C717A447-307F-435A-9CA8-0DE54D1524F7}.Debug|Any CPU.ActiveCfg = Debug|Any CPU
		{C717A447-307F-435A-9CA8-0DE54D1524F7}.Debug|Any CPU.Build.0 = Debug|Any CPU
		{C717A447-307F-435A-9CA8-0DE54D1524F7}.Release|Any CPU.ActiveCfg = Release|Any CPU
		{C717A447-307F-435A-9CA8-0DE54D1524F7}.Release|Any CPU.Build.0 = Release|Any CPU
		{6A9E1B86-F6F6-4E3F-B4EE-676E64BFFE0A}.Debug|Any CPU.ActiveCfg = Debug|Any CPU
		{6A9E1B86-F6F6-4E3F-B4EE-676E64BFFE0A}.Debug|Any CPU.Build.0 = Debug|Any CPU
		{6A9E1B86-F6F6-4E3F-B4EE-676E64BFFE0A}.Release|Any CPU.ActiveCfg = Release|Any CPU
		{6A9E1B86-F6F6-4E3F-B4EE-676E64BFFE0A}.Release|Any CPU.Build.0 = Release|Any CPU
		{15E718C7-2424-4155-880B-D563CA55EF9A}.Debug|Any CPU.ActiveCfg = Debug|Any CPU
		{15E718C7-2424-4155-880B-D563CA55EF9A}.Debug|Any CPU.Build.0 = Debug|Any CPU
		{15E718C7-2424-4155-880B-D563CA55EF9A}.Release|Any CPU.ActiveCfg = Release|Any CPU
		{15E718C7-2424-4155-880B-D563CA55EF9A}.Release|Any CPU.Build.0 = Release|Any CPU
		{E2F21ADC-5A24-4FB5-9366-D1E673175801}.Debug|Any CPU.ActiveCfg = Debug|Any CPU
		{E2F21ADC-5A24-4FB5-9366-D1E673175801}.Debug|Any CPU.Build.0 = Debug|Any CPU
		{E2F21ADC-5A24-4FB5-9366-D1E673175801}.Release|Any CPU.ActiveCfg = Release|Any CPU
		{E2F21ADC-5A24-4FB5-9366-D1E673175801}.Release|Any CPU.Build.0 = Release|Any CPU
		{08F5BC73-E000-4DA9-92BF-3C7EEC5B4277}.Debug|Any CPU.ActiveCfg = Debug|Any CPU
		{08F5BC73-E000-4DA9-92BF-3C7EEC5B4277}.Debug|Any CPU.Build.0 = Debug|Any CPU
		{08F5BC73-E000-4DA9-92BF-3C7EEC5B4277}.Release|Any CPU.ActiveCfg = Release|Any CPU
		{08F5BC73-E000-4DA9-92BF-3C7EEC5B4277}.Release|Any CPU.Build.0 = Release|Any CPU
		{41510873-CD9D-4729-99F5-01D3D07A4AA0}.Debug|Any CPU.ActiveCfg = Debug|Any CPU
		{41510873-CD9D-4729-99F5-01D3D07A4AA0}.Debug|Any CPU.Build.0 = Debug|Any CPU
		{41510873-CD9D-4729-99F5-01D3D07A4AA0}.Release|Any CPU.ActiveCfg = Release|Any CPU
		{41510873-CD9D-4729-99F5-01D3D07A4AA0}.Release|Any CPU.Build.0 = Release|Any CPU
		{C162E46C-4B28-4F3D-9FE7-87B7858B109F}.Debug|Any CPU.ActiveCfg = Debug|Any CPU
		{C162E46C-4B28-4F3D-9FE7-87B7858B109F}.Debug|Any CPU.Build.0 = Debug|Any CPU
		{C162E46C-4B28-4F3D-9FE7-87B7858B109F}.Release|Any CPU.ActiveCfg = Release|Any CPU
		{C162E46C-4B28-4F3D-9FE7-87B7858B109F}.Release|Any CPU.Build.0 = Release|Any CPU
		{4ECDF6D6-624B-4DA9-9E2F-5A55B8787E2A}.Debug|Any CPU.ActiveCfg = Debug|Any CPU
		{4ECDF6D6-624B-4DA9-9E2F-5A55B8787E2A}.Debug|Any CPU.Build.0 = Debug|Any CPU
		{4ECDF6D6-624B-4DA9-9E2F-5A55B8787E2A}.Release|Any CPU.ActiveCfg = Release|Any CPU
		{4ECDF6D6-624B-4DA9-9E2F-5A55B8787E2A}.Release|Any CPU.Build.0 = Release|Any CPU
	EndGlobalSection
	GlobalSection(SolutionProperties) = preSolution
		HideSolutionNode = FALSE
	EndGlobalSection
EndGlobal
